{
  "name": "list-images",
  "version": "1.0.3",
  "lockfileVersion": 1,
  "requires": true,
  "dependencies": {
    "@types/linkify-it": {
      "version": "2.1.0",
      "resolved": "https://registry.npmjs.org/@types/linkify-it/-/linkify-it-2.1.0.tgz",
      "integrity": "sha512-Q7DYAOi9O/+cLLhdaSvKdaumWyHbm7HAk/bFwwyTuU0arR5yyCeW5GOoqt4tJTpDRxhpx9Q8kQL6vMpuw9hDSw==",
      "dev": true
    },
    "@types/lodash": {
      "version": "4.14.151",
      "resolved": "https://registry.npmjs.org/@types/lodash/-/lodash-4.14.151.tgz",
      "integrity": "sha512-Zst90IcBX5wnwSu7CAS0vvJkTjTELY4ssKbHiTnGcJgi170uiS8yQDdc3v6S77bRqYQIN1App5a1Pc2lceE5/g=="
    },
    "@types/lodash.flatten": {
      "version": "4.4.6",
      "resolved": "https://registry.npmjs.org/@types/lodash.flatten/-/lodash.flatten-4.4.6.tgz",
      "integrity": "sha512-omCBl4M8EJSmf2DZqh4/zwjgXQpzC7YO/PXTcG8rI9r7xun8CohrHeNx8HZRkqWc61uJfIaZop9MwJEXPVssHw==",
      "requires": {
        "@types/lodash": "*"
      }
    },
    "@types/markdown-it": {
      "version": "10.0.1",
      "resolved": "https://registry.npmjs.org/@types/markdown-it/-/markdown-it-10.0.1.tgz",
      "integrity": "sha512-L1ibTdA5IUe/cRBlf3N3syAOBQSN1WCMGtAWir6mKxibiRl4LmpZM4jLz+7zAqiMnhQuAP1sqZOF9wXgn2kpEg==",
      "dev": true,
      "requires": {
        "@types/linkify-it": "*",
        "@types/mdurl": "*"
      }
    },
    "@types/mdurl": {
      "version": "1.0.2",
      "resolved": "https://registry.npmjs.org/@types/mdurl/-/mdurl-1.0.2.tgz",
      "integrity": "sha512-eC4U9MlIcu2q0KQmXszyn5Akca/0jrQmwDRgpAMJai7qBWq4amIQhZyNau4VYGtCeALvW1/NtjzJJ567aZxfKA==",
      "dev": true
    },
    "@types/node": {
      "version": "12.12.39",
      "resolved": "https://registry.npmjs.org/@types/node/-/node-12.12.39.tgz",
      "integrity": "sha512-pADGfwnDkr6zagDwEiCVE4yQrv7XDkoeVa4OfA9Ju/zRTk6YNDLGtQbkdL4/56mCQQCs4AhNrBIag6jrp7ZuOg==",
      "dev": true
    },
    "argparse": {
      "version": "1.0.10",
      "resolved": "https://registry.npmjs.org/argparse/-/argparse-1.0.10.tgz",
      "integrity": "sha512-o5Roy6tNG4SL/FOkCAN6RzjiakZS25RLYFrcMttJqbdd8BWrnA+fGz57iN5Pb06pvBGvl5gQ0B48dJlslXvoTg==",
      "requires": {
        "sprintf-js": "~1.0.2"
      }
    },
    "autolinker": {
      "version": "3.14.1",
      "resolved": "https://registry.npmjs.org/autolinker/-/autolinker-3.14.1.tgz",
      "integrity": "sha512-yvsRHIaY51EYDml6MGlbqyJGfl4n7zezGYf+R7gvM8c5LNpRGc4SISkvgAswSS8SWxk/OrGCylKV9mJyVstz7w==",
      "requires": {
        "tslib": "^1.9.3"
      }
    },
    "entities": {
      "version": "2.0.2",
      "resolved": "https://registry.npmjs.org/entities/-/entities-2.0.2.tgz",
      "integrity": "sha512-dmD3AvJQBUjKpcNkoqr+x+IF0SdRtPz9Vk0uTy4yWqga9ibB6s4v++QFWNohjiUGoMlF552ZvNyXDxz5iW0qmw=="
    },
    "linkify-it": {
      "version": "2.2.0",
      "resolved": "https://registry.npmjs.org/linkify-it/-/linkify-it-2.2.0.tgz",
      "integrity": "sha512-GnAl/knGn+i1U/wjBz3akz2stz+HrHLsxMwHQGofCDfPvlf+gDKN58UtfmUquTY4/MXeE2x7k19KQmeoZi94Iw==",
      "requires": {
        "uc.micro": "^1.0.1"
      }
    },
    "lodash.flatten": {
      "version": "4.4.0",
      "resolved": "https://registry.npmjs.org/lodash.flatten/-/lodash.flatten-4.4.0.tgz",
      "integrity": "sha1-8xwiIlqWMtK7+OSt2+8kCqdlph8="
    },
    "markdown-it": {
      "version": "10.0.0",
      "resolved": "https://registry.npmjs.org/markdown-it/-/markdown-it-10.0.0.tgz",
      "integrity": "sha512-YWOP1j7UbDNz+TumYP1kpwnP0aEa711cJjrAQrzd0UXlbJfc5aAq0F/PZHjiioqDC1NKgvIMX+o+9Bk7yuM2dg==",
      "requires": {
        "argparse": "^1.0.7",
        "entities": "~2.0.0",
        "linkify-it": "^2.0.0",
        "mdurl": "^1.0.1",
        "uc.micro": "^1.0.5"
      }
    },
    "mdurl": {
      "version": "1.0.1",
      "resolved": "https://registry.npmjs.org/mdurl/-/mdurl-1.0.1.tgz",
      "integrity": "sha1-/oWy7HWlkDfyrf7BAP1sYBdhFS4="
    },
    "remarkable": {
      "version": "2.0.0",
      "resolved": "https://registry.npmjs.org/remarkable/-/remarkable-2.0.0.tgz",
      "integrity": "sha512-3gvKFAgL4xmmVRKAMNm6UzDo/rO2gPVkZrWagp6AXEA4JvCcMcRx9aapYbb7AJAmLLvi/u06+EhzqoS7ha9qOg==",
      "requires": {
        "argparse": "^1.0.10",
        "autolinker": "^3.11.0"
      }
    },
    "sprintf-js": {
      "version": "1.0.3",
      "resolved": "https://registry.npmjs.org/sprintf-js/-/sprintf-js-1.0.3.tgz",
      "integrity": "sha1-BOaSb2YolTVPPdAVIDYzuFcpfiw="
    },
    "stringify-tree": {
      "version": "1.1.1",
      "resolved": "https://registry.npmjs.org/stringify-tree/-/stringify-tree-1.1.1.tgz",
      "integrity": "sha512-lVfVX+HJ9Gx2NUv0vJTRhqCPYlgzbdR25MF34Md1Bjq6jvJocOLgfHhusYtBSKi/bwpkgLGjtF/dVZlBbA6oZw==",
      "requires": {
        "@types/lodash.flatten": "^4.4.4",
        "lodash.flatten": "^4.4.0"
      }
    },
    "tslib": {
      "version": "1.13.0",
      "resolved": "https://registry.npmjs.org/tslib/-/tslib-1.13.0.tgz",
      "integrity": "sha512-i/6DQjL8Xf3be4K/E6Wgpekn5Qasl1usyw++dAA35Ue5orEn65VIxOA+YvNNl9HV3qv70T7CNwjODHZrLwvd1Q=="
    },
    "typescript": {
      "version": "3.9.2",
      "resolved": "https://registry.npmjs.org/typescript/-/typescript-3.9.2.tgz",
      "integrity": "sha512-q2ktq4n/uLuNNShyayit+DTobV2ApPEo/6so68JaD5ojvc/6GClBipedB9zNWYxRSAlZXAe405Rlijzl6qDiSw==",
      "dev": true
    },
    "uc.micro": {
      "version": "1.0.6",
      "resolved": "https://registry.npmjs.org/uc.micro/-/uc.micro-1.0.6.tgz",
      "integrity": "sha512-8Y75pvTYkLJW2hWQHXxoqRgV7qb9B+9vFEtidML+7koHUFapnVJAZ6cKs+Qjz5Aw3aZWHMC6u0wJE3At+nSGwA=="
    }
  }
}
